
Microsoft Visual Studio Solution File, Format Version 12.00
# Visual Studio Version 16
VisualStudioVersion = 16.0.31019.35
MinimumVisualStudioVersion = 10.0.40219.1
Project("{FAE04EC0-301F-11D3-BF4B-00C04F79EFBC}") = "Lab01", "Lab01\Lab01.csproj", "{8271BAC3-E56E-4730-8933-3C72553335DD}"
EndProject
Global
	GlobalSection(SolutionConfigurationPlatforms) = preSolution
		Debug|Any CPU = Debug|Any CPU
		Release|Any CPU = Release|Any CPU
	EndGlobalSection
	GlobalSection(ProjectConfigurationPlatforms) = postSolution
		{8271BAC3-E56E-4730-8933-3C72553335DD}.Debug|Any CPU.ActiveCfg = Debug|Any CPU
		{8271BAC3-E56E-4730-8933-3C72553335DD}.Debug|Any CPU.Build.0 = Debug|Any CPU
		{8271BAC3-E56E-4730-8933-3C72553335DD}.Release|Any CPU.ActiveCfg = Release|Any CPU
		{8271BAC3-E56E-4730-8933-3C72553335DD}.Release|Any CPU.Build.0 = Release|Any CPU
	EndGlobalSection
	GlobalSection(SolutionProperties) = preSolution
		HideSolutionNode = FALSE
	EndGlobalSection
	GlobalSection(ExtensibilityGlobals) = postSolution
		SolutionGuid = {E243AB5A-BF46-4062-AC3E-DBC3B4ABCCD3}
	EndGlobalSection
EndGlobal
