
Microsoft Visual Studio Solution File, Format Version 12.00
# Visual Studio Version 16
VisualStudioVersion = 16.0.31025.194
MinimumVisualStudioVersion = 10.0.40219.1
Project("{FAE04EC0-301F-11D3-BF4B-00C04F79EFBC}") = "ConsoleApp1", "ConsoleApp1.csproj", "{5B5A9034-196E-4B5C-99CA-D1AD92E3E541}"
EndProject
Global
	GlobalSection(SolutionConfigurationPlatforms) = preSolution
		Debug|Any CPU = Debug|Any CPU
		Release|Any CPU = Release|Any CPU
	EndGlobalSection
	GlobalSection(ProjectConfigurationPlatforms) = postSolution
		{5B5A9034-196E-4B5C-99CA-D1AD92E3E541}.Debug|Any CPU.ActiveCfg = Debug|Any CPU
		{5B5A9034-196E-4B5C-99CA-D1AD92E3E541}.Debug|Any CPU.Build.0 = Debug|Any CPU
		{5B5A9034-196E-4B5C-99CA-D1AD92E3E541}.Release|Any CPU.ActiveCfg = Release|Any CPU
		{5B5A9034-196E-4B5C-99CA-D1AD92E3E541}.Release|Any CPU.Build.0 = Release|Any CPU
	EndGlobalSection
	GlobalSection(SolutionProperties) = preSolution
		HideSolutionNode = FALSE
	EndGlobalSection
	GlobalSection(ExtensibilityGlobals) = postSolution
		SolutionGuid = {E2A2020F-AED1-46EE-99E2-8A673A1E9AE5}
	EndGlobalSection
EndGlobal
